{
  "name": "@taskmanagement/html-generator",
  "version": "0.1.0",
  "lockfileVersion": 2,
  "requires": true,
  "packages": {
    "": {
      "name": "@taskmanagement/html-generator",
      "version": "0.1.0",
      "license": "ISC",
      "dependencies": {
        "@taskmanagement/taskapp-model": "^1.0.19",
        "moment": "^2.29.4"
      }
    },
    "node_modules/@taskmanagement/taskapp-model": {
      "version": "1.0.19",
      "resolved": "https://pkgs.dev.azure.com/manniecobham/deployment/_packaging/taskmanagement/npm/registry/@taskmanagement/taskapp-model/-/taskapp-model-1.0.19.tgz",
      "integrity": "sha1-9XaKd6g7ZC2t9+0ivC8jqVYszRM=",
      "license": "ISC"
    },
    "node_modules/moment": {
      "version": "2.29.4",
      "resolved": "https://pkgs.dev.azure.com/manniecobham/deployment/_packaging/taskmanagement/npm/registry/moment/-/moment-2.29.4.tgz",
      "integrity": "sha1-Pb4FKIn+fBsu2Wb8s6dzKJZO8Qg=",
      "license": "MIT",
      "engines": {
        "node": "*"
      }
    }
  },
  "dependencies": {
    "@taskmanagement/taskapp-model": {
      "version": "1.0.19",
      "resolved": "https://pkgs.dev.azure.com/manniecobham/deployment/_packaging/taskmanagement/npm/registry/@taskmanagement/taskapp-model/-/taskapp-model-1.0.19.tgz",
      "integrity": "sha1-9XaKd6g7ZC2t9+0ivC8jqVYszRM="
    },
    "moment": {
      "version": "2.29.4",
      "resolved": "https://pkgs.dev.azure.com/manniecobham/deployment/_packaging/taskmanagement/npm/registry/moment/-/moment-2.29.4.tgz",
      "integrity": "sha1-Pb4FKIn+fBsu2Wb8s6dzKJZO8Qg="
    }
  }
}
